<?xml version="1.0" encoding="utf-8"?>
<Project ToolsVersion="4.0" xmlns="http://schemas.microsoft.com/developer/msbuild/2003">
  <ItemGroup>
    <Filter Include="Source Files">
      <UniqueIdentifier>{4FC737F1-C7A5-4376-A066-2A32D752A2FF}</UniqueIdentifier>
      <Extensions>cpp;c;cc;cxx;c++;cppm;ixx;def;odl;idl;hpj;bat;asm;asmx</Extensions>
    </Filter>
    <Filter Include="Header Files">
      <UniqueIdentifier>{93995380-89BD-4b04-88EB-625FBE52EBFB}</UniqueIdentifier>
      <Extensions>h;hh;hpp;hxx;h++;hm;inl;inc;ipp;xsd</Extensions>
    </Filter>
    <Filter Include="Resource Files">
      <UniqueIdentifier>{67DA6AB6-F800-4c08-8B7A-83BB121AAD01}</UniqueIdentifier>
      <Extensions>rc;ico;cur;bmp;dlg;rc2;rct;bin;rgs;gif;jpg;jpeg;jpe;resx;tiff;tif;png;wav;mfcribbon-ms</Extensions>
    </Filter>
  </ItemGroup>
  <ItemGroup>
    <Text Include="students.txt">
      <Filter>Resource Files</Filter>
    </Text>
  </ItemGroup>
  <ItemGroup>
    <ClCompile Include="main.cpp">
      <Filter>Source Files</Filter>
    </ClCompile>
    <ClCompile Include="RandomNumberGenerator.cpp">
      <Filter>Source Files</Filter>
    </ClCompile>
    <ClCompile Include="RandomNameGenerator.cpp">
      <Filter>Source Files</Filter>
    </ClCompile>
    <ClCompile Include="VneseName.cpp">
      <Filter>Source Files</Filter>
    </ClCompile>
    <ClCompile Include="Date.cpp">
      <Filter>Source Files</Filter>
    </ClCompile>
    <ClCompile Include="DateToString.cpp">
      <Filter>Source Files</Filter>
    </ClCompile>
    <ClCompile Include="RandomDateGenerator.cpp">
      <Filter>Source Files</Filter>
    </ClCompile>
    <ClCompile Include="Address.cpp">
      <Filter>Source Files</Filter>
    </ClCompile>
    <ClCompile Include="RandomAddressGenerator.cpp">
      <Filter>Source Files</Filter>
    </ClCompile>
    <ClCompile Include="StringToDateUIConverter.cpp">
      <Filter>Source Files</Filter>
    </ClCompile>
    <ClCompile Include="RandomEmailGenerator.cpp">
      <Filter>Source Files</Filter>
    </ClCompile>
    <ClCompile Include="AddressToString.cpp">
      <Filter>Source Files</Filter>
    </ClCompile>
    <ClCompile Include="DateDataReader.cpp">
      <Filter>Source Files</Filter>
    </ClCompile>
    <ClCompile Include="IDDataReader.cpp">
      <Filter>Source Files</Filter>
    </ClCompile>
    <ClCompile Include="EmailDataReader.cpp">
      <Filter>Source Files</Filter>
    </ClCompile>
    <ClCompile Include="GPADataReader.cpp">
      <Filter>Source Files</Filter>
    </ClCompile>
    <ClCompile Include="TelDataReader.cpp">
      <Filter>Source Files</Filter>
    </ClCompile>
    <ClCompile Include="RandomTelephoneGenerator.cpp">
      <Filter>Source Files</Filter>
    </ClCompile>
    <ClCompile Include="NameDataReader.cpp">
      <Filter>Source Files</Filter>
    </ClCompile>
    <ClCompile Include="StringToName.cpp">
      <Filter>Source Files</Filter>
    </ClCompile>
    <ClCompile Include="AddressDataReader.cpp">
      <Filter>Source Files</Filter>
    </ClCompile>
  </ItemGroup>
  <ItemGroup>
    <ClInclude Include="Libraries.h">
      <Filter>Header Files</Filter>
    </ClInclude>
    <ClInclude Include="RandomNumberGenerator.h">
      <Filter>Header Files</Filter>
    </ClInclude>
    <ClInclude Include="RandomNameGenerator.h">
      <Filter>Header Files</Filter>
    </ClInclude>
    <ClInclude Include="VneseName.h">
      <Filter>Header Files</Filter>
    </ClInclude>
    <ClInclude Include="Date.h">
      <Filter>Header Files</Filter>
    </ClInclude>
    <ClInclude Include="DateToString.h">
      <Filter>Header Files</Filter>
    </ClInclude>
    <ClInclude Include="RandomDateGenerator.h">
      <Filter>Header Files</Filter>
    </ClInclude>
    <ClInclude Include="RandomTelephoneGenerator.h">
      <Filter>Header Files</Filter>
    </ClInclude>
    <ClInclude Include="Address.h">
      <Filter>Header Files</Filter>
    </ClInclude>
    <ClInclude Include="RandomAddressGenerator.h">
      <Filter>Header Files</Filter>
    </ClInclude>
    <ClInclude Include="StringToDateUIConverter.h">
      <Filter>Header Files</Filter>
    </ClInclude>
    <ClInclude Include="RandomEmailGenerator.h">
      <Filter>Header Files</Filter>
    </ClInclude>
    <ClInclude Include="AddressToString.h">
      <Filter>Header Files</Filter>
    </ClInclude>
    <ClInclude Include="DateDataReader.h">
      <Filter>Header Files</Filter>
    </ClInclude>
    <ClInclude Include="IDDataReader.h">
      <Filter>Header Files</Filter>
    </ClInclude>
    <ClInclude Include="EmailDataReader.h">
      <Filter>Header Files</Filter>
    </ClInclude>
    <ClInclude Include="GPADataReader.h">
      <Filter>Header Files</Filter>
    </ClInclude>
    <ClInclude Include="TelDataReader.h">
      <Filter>Header Files</Filter>
    </ClInclude>
    <ClInclude Include="NameDataReader.h">
      <Filter>Header Files</Filter>
    </ClInclude>
    <ClInclude Include="StringToName.h">
      <Filter>Header Files</Filter>
    </ClInclude>
    <ClInclude Include="AddressDataReader.h">
      <Filter>Header Files</Filter>
    </ClInclude>
  </ItemGroup>
</Project>